
Microsoft Visual Studio Solution File, Format Version 12.00
# Visual Studio Version 17
VisualStudioVersion = 17.5.33414.496
MinimumVisualStudioVersion = 10.0.40219.1
Project("{9A19103F-16F7-4668-BE54-9A1E7A4F7556}") = "ContractDemo", "ContractDemo\ContractDemo.csproj", "{3DB0C921-A6D1-4B43-9D95-AA4CFAEC83A3}"
EndProject
Project("{FAE04EC0-301F-11D3-BF4B-00C04F79EFBC}") = "ContractDemoTest", "ContractDemoTest\ContractDemoTest.csproj", "{004C1A60-1ECC-4DA2-9334-AA1995020571}"
EndProject
Global
	GlobalSection(SolutionConfigurationPlatforms) = preSolution
		Debug|Any CPU = Debug|Any CPU
		Release|Any CPU = Release|Any CPU
	EndGlobalSection
	GlobalSection(ProjectConfigurationPlatforms) = postSolution
		{3DB0C921-A6D1-4B43-9D95-AA4CFAEC83A3}.Debug|Any CPU.ActiveCfg = Debug|Any CPU
		{3DB0C921-A6D1-4B43-9D95-AA4CFAEC83A3}.Debug|Any CPU.Build.0 = Debug|Any CPU
		{3DB0C921-A6D1-4B43-9D95-AA4CFAEC83A3}.Release|Any CPU.ActiveCfg = Release|Any CPU
		{3DB0C921-A6D1-4B43-9D95-AA4CFAEC83A3}.Release|Any CPU.Build.0 = Release|Any CPU
		{004C1A60-1ECC-4DA2-9334-AA1995020571}.Debug|Any CPU.ActiveCfg = Debug|Any CPU
		{004C1A60-1ECC-4DA2-9334-AA1995020571}.Debug|Any CPU.Build.0 = Debug|Any CPU
		{004C1A60-1ECC-4DA2-9334-AA1995020571}.Release|Any CPU.ActiveCfg = Release|Any CPU
		{004C1A60-1ECC-4DA2-9334-AA1995020571}.Release|Any CPU.Build.0 = Release|Any CPU
	EndGlobalSection
	GlobalSection(SolutionProperties) = preSolution
		HideSolutionNode = FALSE
	EndGlobalSection
	GlobalSection(ExtensibilityGlobals) = postSolution
		SolutionGuid = {7F361661-01CD-4204-A7DA-38A5118737C8}
	EndGlobalSection
EndGlobal
